
Microsoft Visual Studio Solution File, Format Version 12.00
# Visual Studio Version 17
VisualStudioVersion = 17.9.34728.123
MinimumVisualStudioVersion = 10.0.40219.1
Project("{9A19103F-16F7-4668-BE54-9A1E7A4F7556}") = "ex07_EmployeeMngApp", "ex07_EmployeeMngApp\ex07_EmployeeMngApp.csproj", "{EA4CB9D8-798F-4756-89FB-3174E01201E5}"
EndProject
Project("{FAE04EC0-301F-11D3-BF4B-00C04F79EFBC}") = "ex10_MovieFinder2024", "ex10_MovieFinder2024\ex10_MovieFinder2024.csproj", "{53EC512E-EE4B-4703-818A-CF23648B823D}"
EndProject
Global
	GlobalSection(SolutionConfigurationPlatforms) = preSolution
		Debug|Any CPU = Debug|Any CPU
		Release|Any CPU = Release|Any CPU
	EndGlobalSection
	GlobalSection(ProjectConfigurationPlatforms) = postSolution
		{EA4CB9D8-798F-4756-89FB-3174E01201E5}.Debug|Any CPU.ActiveCfg = Debug|Any CPU
		{EA4CB9D8-798F-4756-89FB-3174E01201E5}.Debug|Any CPU.Build.0 = Debug|Any CPU
		{EA4CB9D8-798F-4756-89FB-3174E01201E5}.Release|Any CPU.ActiveCfg = Release|Any CPU
		{EA4CB9D8-798F-4756-89FB-3174E01201E5}.Release|Any CPU.Build.0 = Release|Any CPU
		{53EC512E-EE4B-4703-818A-CF23648B823D}.Debug|Any CPU.ActiveCfg = Debug|Any CPU
		{53EC512E-EE4B-4703-818A-CF23648B823D}.Debug|Any CPU.Build.0 = Debug|Any CPU
		{53EC512E-EE4B-4703-818A-CF23648B823D}.Release|Any CPU.ActiveCfg = Release|Any CPU
		{53EC512E-EE4B-4703-818A-CF23648B823D}.Release|Any CPU.Build.0 = Release|Any CPU
	EndGlobalSection
	GlobalSection(SolutionProperties) = preSolution
		HideSolutionNode = FALSE
	EndGlobalSection
	GlobalSection(ExtensibilityGlobals) = postSolution
		SolutionGuid = {E00918D6-AA95-493A-910A-D669884CA354}
	EndGlobalSection
EndGlobal
