
Microsoft Visual Studio Solution File, Format Version 12.00
# Visual Studio Version 17
VisualStudioVersion = 17.9.34728.123
MinimumVisualStudioVersion = 10.0.40219.1
Project("{FAE04EC0-301F-11D3-BF4B-00C04F79EFBC}") = "ex06_caliburn_basic", "ex06_caliburn_basic\ex06_caliburn_basic.csproj", "{C2062E94-9DB8-4229-9824-00F0E109D687}"
EndProject
Project("{FAE04EC0-301F-11D3-BF4B-00C04F79EFBC}") = "ex07_EmployeeMangApp", "ex07_EmployeeMangApp\ex07_EmployeeMangApp.csproj", "{2717FE3D-E2EA-4961-BF04-6DEBE840C0F5}"
EndProject
Global
	GlobalSection(SolutionConfigurationPlatforms) = preSolution
		Debug|Any CPU = Debug|Any CPU
		Release|Any CPU = Release|Any CPU
	EndGlobalSection
	GlobalSection(ProjectConfigurationPlatforms) = postSolution
		{C2062E94-9DB8-4229-9824-00F0E109D687}.Debug|Any CPU.ActiveCfg = Debug|Any CPU
		{C2062E94-9DB8-4229-9824-00F0E109D687}.Debug|Any CPU.Build.0 = Debug|Any CPU
		{C2062E94-9DB8-4229-9824-00F0E109D687}.Release|Any CPU.ActiveCfg = Release|Any CPU
		{C2062E94-9DB8-4229-9824-00F0E109D687}.Release|Any CPU.Build.0 = Release|Any CPU
		{2717FE3D-E2EA-4961-BF04-6DEBE840C0F5}.Debug|Any CPU.ActiveCfg = Debug|Any CPU
		{2717FE3D-E2EA-4961-BF04-6DEBE840C0F5}.Debug|Any CPU.Build.0 = Debug|Any CPU
		{2717FE3D-E2EA-4961-BF04-6DEBE840C0F5}.Release|Any CPU.ActiveCfg = Release|Any CPU
		{2717FE3D-E2EA-4961-BF04-6DEBE840C0F5}.Release|Any CPU.Build.0 = Release|Any CPU
	EndGlobalSection
	GlobalSection(SolutionProperties) = preSolution
		HideSolutionNode = FALSE
	EndGlobalSection
	GlobalSection(ExtensibilityGlobals) = postSolution
		SolutionGuid = {5604422A-CC4D-4A48-93C0-E1B453A28512}
	EndGlobalSection
EndGlobal
