
Microsoft Visual Studio Solution File, Format Version 12.00
# Visual Studio Version 17
VisualStudioVersion = 17.9.34728.123
MinimumVisualStudioVersion = 10.0.40219.1
Project("{FAE04EC0-301F-11D3-BF4B-00C04F79EFBC}") = "ex06_caliburn_basic", "ex06_caliburn_basic\ex06_caliburn_basic.csproj", "{421C70C7-3870-4F44-A836-4D74352881EA}"
EndProject
Project("{FAE04EC0-301F-11D3-BF4B-00C04F79EFBC}") = "ex07_EmployeeMngApp", "ex07_EmployeeMngApp\ex07_EmployeeMngApp.csproj", "{EA4CB9D8-798F-4756-89FB-3174E01201E5}"
EndProject
Global
	GlobalSection(SolutionConfigurationPlatforms) = preSolution
		Debug|Any CPU = Debug|Any CPU
		Release|Any CPU = Release|Any CPU
	EndGlobalSection
	GlobalSection(ProjectConfigurationPlatforms) = postSolution
		{421C70C7-3870-4F44-A836-4D74352881EA}.Debug|Any CPU.ActiveCfg = Debug|Any CPU
		{421C70C7-3870-4F44-A836-4D74352881EA}.Debug|Any CPU.Build.0 = Debug|Any CPU
		{421C70C7-3870-4F44-A836-4D74352881EA}.Release|Any CPU.ActiveCfg = Release|Any CPU
		{421C70C7-3870-4F44-A836-4D74352881EA}.Release|Any CPU.Build.0 = Release|Any CPU
		{EA4CB9D8-798F-4756-89FB-3174E01201E5}.Debug|Any CPU.ActiveCfg = Debug|Any CPU
		{EA4CB9D8-798F-4756-89FB-3174E01201E5}.Debug|Any CPU.Build.0 = Debug|Any CPU
		{EA4CB9D8-798F-4756-89FB-3174E01201E5}.Release|Any CPU.ActiveCfg = Release|Any CPU
		{EA4CB9D8-798F-4756-89FB-3174E01201E5}.Release|Any CPU.Build.0 = Release|Any CPU
	EndGlobalSection
	GlobalSection(SolutionProperties) = preSolution
		HideSolutionNode = FALSE
	EndGlobalSection
	GlobalSection(ExtensibilityGlobals) = postSolution
		SolutionGuid = {E00918D6-AA95-493A-910A-D669884CA354}
	EndGlobalSection
EndGlobal
